
Microsoft Visual Studio Solution File, Format Version 12.00
# Visual Studio Version 17
VisualStudioVersion = 17.8.34330.188
MinimumVisualStudioVersion = 10.0.40219.1
Project("{FAE04EC0-301F-11D3-BF4B-00C04F79EFBC}") = "IS_transport_company", "IS_transport_company\IS_transport_company.csproj", "{9A4C24A6-8729-4F0E-BD83-C884F1F9F6EB}"
EndProject
Global
	GlobalSection(SolutionConfigurationPlatforms) = preSolution
		Debug|Any CPU = Debug|Any CPU
		Release|Any CPU = Release|Any CPU
	EndGlobalSection
	GlobalSection(ProjectConfigurationPlatforms) = postSolution
		{9A4C24A6-8729-4F0E-BD83-C884F1F9F6EB}.Debug|Any CPU.ActiveCfg = Debug|Any CPU
		{9A4C24A6-8729-4F0E-BD83-C884F1F9F6EB}.Debug|Any CPU.Build.0 = Debug|Any CPU
		{9A4C24A6-8729-4F0E-BD83-C884F1F9F6EB}.Release|Any CPU.ActiveCfg = Release|Any CPU
		{9A4C24A6-8729-4F0E-BD83-C884F1F9F6EB}.Release|Any CPU.Build.0 = Release|Any CPU
	EndGlobalSection
	GlobalSection(SolutionProperties) = preSolution
		HideSolutionNode = FALSE
	EndGlobalSection
	GlobalSection(ExtensibilityGlobals) = postSolution
		SolutionGuid = {8925F026-EBF2-4FF5-9FA5-82968B35A6B7}
	EndGlobalSection
EndGlobal
